{
  "version": 4,
  "terraform_version": "1.8.3",
  "serial": 35,
  "lineage": "7d001a08-becc-11e1-3ae4-f77111d4937f",
  "outputs": {
    "ip": {
      "value": "192.168.122.87",
      "type": "string"
    }
  },
  "resources": [
    {
      "mode": "data",
      "type": "template_file",
      "name": "user_data",
      "provider": "provider[\"registry.terraform.io/hashicorp/template\"]",
      "instances": [
        {
          "schema_version": 0,
          "attributes": {
            "filename": null,
            "id": "3772f6c7a9831090728390dda86d2b3421d305582cd6e5596b3f3476b510343f",
            "rendered": "#cloud-config\ndisable_root: 0\nusers:\n  - name: root\n    ssh-authorized-keys: ### –\u003e add a public SSH key \n      - ssh-rsa AAAAB3NzaC1yc2EAAAADAQABAAABAQDIa8DJtWaCjTuSd8bOSuR5BRV7YABGt/DbvxhR+dcX2DlvXS/uLvd3mjmeFKKc5yRhoFQmYhJAk/YMrUsqRbFMt6nqBst5FcIedhsoD97MMPbuLbVk3O5OOijRhKBXIy6TfpuO1GLJqUtZ1PZqK86bERgq5pQeWCMM1jx9RbwtVUCTdC1SUQRJhCzyz6Tieim1V7PeLUS+Z9SCZR4Ri/luRoCv/PJN0AoNca42cfbdcy3kGaVJ1HxxzE1PJ00tFzI8JuHB3tAwLxsxdXD8P+9riGoDwZZBbXT0UiRJXutbFG3gATxNf9ZEY+4W+wqzMLJyuxKr7O2bvcaZxmYxkqwd root@master\n\nssh_pwauth: True\nchpasswd: ### –\u003e change the password\n  list: |\n     root:unix1234\n  expire: False\nruncmd:\n  - hostnamectl set-hostname terracentos\n\n\n\n\n\n",
            "template": "#cloud-config\ndisable_root: 0\nusers:\n  - name: root\n    ssh-authorized-keys: ### –\u003e add a public SSH key \n      - ${file(\"~/.ssh/id_rsa.pub\")}\nssh_pwauth: True\nchpasswd: ### –\u003e change the password\n  list: |\n     root:unix1234\n  expire: False\nruncmd:\n  - hostnamectl set-hostname terracentos\n\n\n\n\n\n",
            "vars": null
          },
          "sensitive_attributes": []
        }
      ]
    },
    {
      "mode": "managed",
      "type": "libvirt_cloudinit_disk",
      "name": "commoninit",
      "provider": "provider[\"registry.terraform.io/dmacvicar/libvirt\"]",
      "instances": [
        {
          "schema_version": 0,
          "attributes": {
            "id": "/var/lib/libvirt/storage/commoninit.iso;28cca5a7-cbe9-49b2-8cb3-c8d88c137c4f",
            "meta_data": "",
            "name": "commoninit.iso",
            "network_config": "",
            "pool": "mypool",
            "user_data": "#cloud-config\ndisable_root: 0\nusers:\n  - name: root\n    ssh-authorized-keys: ### –\u003e add a public SSH key \n      - ssh-rsa AAAAB3NzaC1yc2EAAAADAQABAAABAQDIa8DJtWaCjTuSd8bOSuR5BRV7YABGt/DbvxhR+dcX2DlvXS/uLvd3mjmeFKKc5yRhoFQmYhJAk/YMrUsqRbFMt6nqBst5FcIedhsoD97MMPbuLbVk3O5OOijRhKBXIy6TfpuO1GLJqUtZ1PZqK86bERgq5pQeWCMM1jx9RbwtVUCTdC1SUQRJhCzyz6Tieim1V7PeLUS+Z9SCZR4Ri/luRoCv/PJN0AoNca42cfbdcy3kGaVJ1HxxzE1PJ00tFzI8JuHB3tAwLxsxdXD8P+9riGoDwZZBbXT0UiRJXutbFG3gATxNf9ZEY+4W+wqzMLJyuxKr7O2bvcaZxmYxkqwd root@master\n\nssh_pwauth: True\nchpasswd: ### –\u003e change the password\n  list: |\n     root:unix1234\n  expire: False\nruncmd:\n  - hostnamectl set-hostname terracentos\n\n\n\n\n\n"
          },
          "sensitive_attributes": [],
          "private": "bnVsbA==",
          "dependencies": [
            "data.template_file.user_data"
          ]
        }
      ]
    },
    {
      "mode": "managed",
      "type": "libvirt_domain",
      "name": "centos7",
      "provider": "provider[\"registry.terraform.io/dmacvicar/libvirt\"]",
      "instances": [
        {
          "schema_version": 0,
          "attributes": {
            "arch": "x86_64",
            "autostart": false,
            "boot_device": [],
            "cloudinit": "/var/lib/libvirt/storage/commoninit.iso;28cca5a7-cbe9-49b2-8cb3-c8d88c137c4f",
            "cmdline": null,
            "console": [
              {
                "source_host": "127.0.0.1",
                "source_path": "",
                "source_service": "0",
                "target_port": "0",
                "target_type": "serial",
                "type": "pty"
              }
            ],
            "coreos_ignition": null,
            "cpu": [
              {
                "mode": "custom"
              }
            ],
            "description": "",
            "disk": [
              {
                "block_device": "",
                "file": "",
                "scsi": false,
                "url": "",
                "volume_id": "/var/lib/libvirt/storage/centos7.qcow2",
                "wwn": ""
              }
            ],
            "emulator": "/usr/bin/qemu-system-x86_64",
            "filesystem": [],
            "firmware": null,
            "fw_cfg_name": "opt/com.coreos/config",
            "graphics": [
              {
                "autoport": true,
                "listen_address": "127.0.0.1",
                "listen_type": "address",
                "type": "spice",
                "websocket": 0
              }
            ],
            "id": "8e12ff14-7158-451d-a19f-0327abced417",
            "initrd": "",
            "kernel": "",
            "machine": "ubuntu",
            "memory": 2048,
            "metadata": null,
            "name": "centos7",
            "network_interface": [
              {
                "addresses": [
                  "192.168.122.87"
                ],
                "bridge": "",
                "hostname": "",
                "mac": "52:54:00:5E:9F:04",
                "macvtap": "",
                "network_id": "21065860-1fe5-4c3e-badf-83f735dd582f",
                "network_name": "default",
                "passthrough": "",
                "vepa": "",
                "wait_for_lease": true
              }
            ],
            "nvram": [],
            "qemu_agent": false,
            "running": true,
            "timeouts": null,
            "tpm": [],
            "type": "kvm",
            "vcpu": 2,
            "video": [],
            "xml": []
          },
          "sensitive_attributes": [],
          "private": "eyJlMmJmYjczMC1lY2FhLTExZTYtOGY4OC0zNDM2M2JjN2M0YzAiOnsiY3JlYXRlIjozMDAwMDAwMDAwMDB9fQ==",
          "dependencies": [
            "data.template_file.user_data",
            "libvirt_cloudinit_disk.commoninit",
            "libvirt_volume.centos7-qcow2"
          ]
        }
      ]
    },
    {
      "mode": "managed",
      "type": "libvirt_volume",
      "name": "centos7-qcow2",
      "provider": "provider[\"registry.terraform.io/dmacvicar/libvirt\"]",
      "instances": [
        {
          "schema_version": 0,
          "attributes": {
            "base_volume_id": null,
            "base_volume_name": null,
            "base_volume_pool": null,
            "format": "qcow2",
            "id": "/var/lib/libvirt/storage/centos7.qcow2",
            "name": "centos7.qcow2",
            "pool": "mypool",
            "size": 8589934592,
            "source": "https://cloud.centos.org/centos/7/images/CentOS-7-x86_64-GenericCloud.qcow2",
            "xml": []
          },
          "sensitive_attributes": [],
          "private": "bnVsbA=="
        }
      ]
    }
  ],
  "check_results": null
}
